
Microsoft Visual Studio Solution File, Format Version 12.00
# Visual Studio 2015
Project("{FAE04EC0-301F-11D3-BF4B-00C04F79EFBC}") = "my", "my.csproj", "{0920E569-E16C-034B-CDB7-F05D35CE4F53}"
EndProject
Project("{FAE04EC0-301F-11D3-BF4B-00C04F79EFBC}") = "Entitas", "script_dll\Entitas-CSharp\Entitas\Entitas.csproj", "{A0A11CC3-8B1E-4345-A5FA-01FC60E581D8}"
EndProject
Project("{FAE04EC0-301F-11D3-BF4B-00C04F79EFBC}") = "Entitas.Unity", "script_dll\Entitas-CSharp\Addons\Entitas.Unity\Entitas.Unity.csproj", "{CB3ADCB3-E842-4A71-B32E-15ABDE7311F6}"
EndProject
Project("{FAE04EC0-301F-11D3-BF4B-00C04F79EFBC}") = "Entitas.VisualDebugging.Unity", "script_dll\Entitas-CSharp\Addons\Entitas.VisualDebugging.Unity\Entitas.VisualDebugging.Unity.csproj", "{70222463-4E60-4862-8C18-1EBA6CA63353}"
EndProject
Project("{FAE04EC0-301F-11D3-BF4B-00C04F79EFBC}") = "Entitas.Migration", "script_dll\Entitas-CSharp\Addons\Entitas.Migration\Entitas.Migration.csproj", "{40AF9ACC-9C00-4EDB-8937-9EA9EC4E5F4E}"
EndProject
Project("{FAE04EC0-301F-11D3-BF4B-00C04F79EFBC}") = "Entitas.Migration.Unity.Editor", "script_dll\Entitas-CSharp\Addons\Entitas.Migration.Unity.Editor\Entitas.Migration.Unity.Editor.csproj", "{A4B431D0-D02D-4856-9FCD-FC55EFFF3028}"
EndProject
Project("{FAE04EC0-301F-11D3-BF4B-00C04F79EFBC}") = "Entitas.Unity.Editor", "script_dll\Entitas-CSharp\Addons\Entitas.Unity.Editor\Entitas.Unity.Editor.csproj", "{9AF72B25-85B0-4FDC-85C3-660926C82438}"
EndProject
Project("{FAE04EC0-301F-11D3-BF4B-00C04F79EFBC}") = "Entitas.VisualDebugging.Unity.Editor", "script_dll\Entitas-CSharp\Addons\Entitas.VisualDebugging.Unity.Editor\Entitas.VisualDebugging.Unity.Editor.csproj", "{6DCBB57A-C3A3-4055-B99E-0C97A0D3C4CA}"
EndProject
Project("{FAE04EC0-301F-11D3-BF4B-00C04F79EFBC}") = "Entitas.CodeGeneration.Plugins", "script_dll\Entitas-CSharp\Addons\Entitas.CodeGeneration.Plugins\Entitas.CodeGeneration.Plugins.csproj", "{84D279D3-76D8-4271-B895-83D46B08753C}"
EndProject
Project("{FAE04EC0-301F-11D3-BF4B-00C04F79EFBC}") = "Entitas.VisualDebugging.CodeGeneration.Plugins", "script_dll\Entitas-CSharp\Addons\Entitas.VisualDebugging.CodeGeneration.Plugins\Entitas.VisualDebugging.CodeGeneration.Plugins.csproj", "{8EC3A728-37B1-480F-BE1E-2C1EFD1E1626}"
EndProject
Project("{FAE04EC0-301F-11D3-BF4B-00C04F79EFBC}") = "Entitas.CodeGeneration.Attributes", "script_dll\Entitas-CSharp\Addons\Entitas.CodeGeneration.Attributes\Entitas.CodeGeneration.Attributes.csproj", "{76A16CFD-7488-41D3-989B-CA2F1840E638}"
EndProject
Global
	GlobalSection(SolutionConfigurationPlatforms) = preSolution
		Debug|Any CPU = Debug|Any CPU
		Release|Any CPU = Release|Any CPU
	EndGlobalSection
	GlobalSection(ProjectConfigurationPlatforms) = postSolution
		{0920E569-E16C-034B-CDB7-F05D35CE4F53}.Debug|Any CPU.ActiveCfg = Debug|Any CPU
		{0920E569-E16C-034B-CDB7-F05D35CE4F53}.Debug|Any CPU.Build.0 = Debug|Any CPU
		{0920E569-E16C-034B-CDB7-F05D35CE4F53}.Release|Any CPU.ActiveCfg = Release|Any CPU
		{0920E569-E16C-034B-CDB7-F05D35CE4F53}.Release|Any CPU.Build.0 = Release|Any CPU
		{A0A11CC3-8B1E-4345-A5FA-01FC60E581D8}.Debug|Any CPU.ActiveCfg = Debug|Any CPU
		{A0A11CC3-8B1E-4345-A5FA-01FC60E581D8}.Debug|Any CPU.Build.0 = Debug|Any CPU
		{A0A11CC3-8B1E-4345-A5FA-01FC60E581D8}.Release|Any CPU.ActiveCfg = Release|Any CPU
		{A0A11CC3-8B1E-4345-A5FA-01FC60E581D8}.Release|Any CPU.Build.0 = Release|Any CPU
		{CB3ADCB3-E842-4A71-B32E-15ABDE7311F6}.Debug|Any CPU.ActiveCfg = Debug|Any CPU
		{CB3ADCB3-E842-4A71-B32E-15ABDE7311F6}.Debug|Any CPU.Build.0 = Debug|Any CPU
		{CB3ADCB3-E842-4A71-B32E-15ABDE7311F6}.Release|Any CPU.ActiveCfg = Release|Any CPU
		{CB3ADCB3-E842-4A71-B32E-15ABDE7311F6}.Release|Any CPU.Build.0 = Release|Any CPU
		{70222463-4E60-4862-8C18-1EBA6CA63353}.Debug|Any CPU.ActiveCfg = Debug|Any CPU
		{70222463-4E60-4862-8C18-1EBA6CA63353}.Debug|Any CPU.Build.0 = Debug|Any CPU
		{70222463-4E60-4862-8C18-1EBA6CA63353}.Release|Any CPU.ActiveCfg = Release|Any CPU
		{70222463-4E60-4862-8C18-1EBA6CA63353}.Release|Any CPU.Build.0 = Release|Any CPU
		{40AF9ACC-9C00-4EDB-8937-9EA9EC4E5F4E}.Debug|Any CPU.ActiveCfg = Debug|Any CPU
		{40AF9ACC-9C00-4EDB-8937-9EA9EC4E5F4E}.Debug|Any CPU.Build.0 = Debug|Any CPU
		{40AF9ACC-9C00-4EDB-8937-9EA9EC4E5F4E}.Release|Any CPU.ActiveCfg = Release|Any CPU
		{40AF9ACC-9C00-4EDB-8937-9EA9EC4E5F4E}.Release|Any CPU.Build.0 = Release|Any CPU
		{A4B431D0-D02D-4856-9FCD-FC55EFFF3028}.Debug|Any CPU.ActiveCfg = Debug|Any CPU
		{A4B431D0-D02D-4856-9FCD-FC55EFFF3028}.Debug|Any CPU.Build.0 = Debug|Any CPU
		{A4B431D0-D02D-4856-9FCD-FC55EFFF3028}.Release|Any CPU.ActiveCfg = Release|Any CPU
		{A4B431D0-D02D-4856-9FCD-FC55EFFF3028}.Release|Any CPU.Build.0 = Release|Any CPU
		{9AF72B25-85B0-4FDC-85C3-660926C82438}.Debug|Any CPU.ActiveCfg = Debug|Any CPU
		{9AF72B25-85B0-4FDC-85C3-660926C82438}.Debug|Any CPU.Build.0 = Debug|Any CPU
		{9AF72B25-85B0-4FDC-85C3-660926C82438}.Release|Any CPU.ActiveCfg = Release|Any CPU
		{9AF72B25-85B0-4FDC-85C3-660926C82438}.Release|Any CPU.Build.0 = Release|Any CPU
		{6DCBB57A-C3A3-4055-B99E-0C97A0D3C4CA}.Debug|Any CPU.ActiveCfg = Debug|Any CPU
		{6DCBB57A-C3A3-4055-B99E-0C97A0D3C4CA}.Debug|Any CPU.Build.0 = Debug|Any CPU
		{6DCBB57A-C3A3-4055-B99E-0C97A0D3C4CA}.Release|Any CPU.ActiveCfg = Release|Any CPU
		{6DCBB57A-C3A3-4055-B99E-0C97A0D3C4CA}.Release|Any CPU.Build.0 = Release|Any CPU
		{84D279D3-76D8-4271-B895-83D46B08753C}.Debug|Any CPU.ActiveCfg = Debug|Any CPU
		{84D279D3-76D8-4271-B895-83D46B08753C}.Debug|Any CPU.Build.0 = Debug|Any CPU
		{84D279D3-76D8-4271-B895-83D46B08753C}.Release|Any CPU.ActiveCfg = Release|Any CPU
		{84D279D3-76D8-4271-B895-83D46B08753C}.Release|Any CPU.Build.0 = Release|Any CPU
		{8EC3A728-37B1-480F-BE1E-2C1EFD1E1626}.Debug|Any CPU.ActiveCfg = Debug|Any CPU
		{8EC3A728-37B1-480F-BE1E-2C1EFD1E1626}.Debug|Any CPU.Build.0 = Debug|Any CPU
		{8EC3A728-37B1-480F-BE1E-2C1EFD1E1626}.Release|Any CPU.ActiveCfg = Release|Any CPU
		{8EC3A728-37B1-480F-BE1E-2C1EFD1E1626}.Release|Any CPU.Build.0 = Release|Any CPU
		{76A16CFD-7488-41D3-989B-CA2F1840E638}.Debug|Any CPU.ActiveCfg = Debug|Any CPU
		{76A16CFD-7488-41D3-989B-CA2F1840E638}.Debug|Any CPU.Build.0 = Debug|Any CPU
		{76A16CFD-7488-41D3-989B-CA2F1840E638}.Release|Any CPU.ActiveCfg = Release|Any CPU
		{76A16CFD-7488-41D3-989B-CA2F1840E638}.Release|Any CPU.Build.0 = Release|Any CPU
	EndGlobalSection
	GlobalSection(SolutionProperties) = preSolution
		HideSolutionNode = FALSE
	EndGlobalSection
EndGlobal
